
Microsoft Visual Studio Solution File, Format Version 12.00
# Visual Studio 15
VisualStudioVersion = 15.0.28307.421
MinimumVisualStudioVersion = 10.0.40219.1
Project("{FAE04EC0-301F-11D3-BF4B-00C04F79EFBC}") = "LD_5", "LD_5\LD_5.csproj", "{C9965BD5-2E6F-4D25-837E-ED2D19C0CC93}"
EndProject
Global
	GlobalSection(SolutionConfigurationPlatforms) = preSolution
		Debug|Any CPU = Debug|Any CPU
		Release|Any CPU = Release|Any CPU
	EndGlobalSection
	GlobalSection(ProjectConfigurationPlatforms) = postSolution
		{C9965BD5-2E6F-4D25-837E-ED2D19C0CC93}.Debug|Any CPU.ActiveCfg = Debug|Any CPU
		{C9965BD5-2E6F-4D25-837E-ED2D19C0CC93}.Debug|Any CPU.Build.0 = Debug|Any CPU
		{C9965BD5-2E6F-4D25-837E-ED2D19C0CC93}.Release|Any CPU.ActiveCfg = Release|Any CPU
		{C9965BD5-2E6F-4D25-837E-ED2D19C0CC93}.Release|Any CPU.Build.0 = Release|Any CPU
	EndGlobalSection
	GlobalSection(SolutionProperties) = preSolution
		HideSolutionNode = FALSE
	EndGlobalSection
	GlobalSection(ExtensibilityGlobals) = postSolution
		SolutionGuid = {45AE9F5D-7E24-4D93-808A-DBF7EF78CEF9}
	EndGlobalSection
EndGlobal
