
Microsoft Visual Studio Solution File, Format Version 12.00
# Visual Studio 15
VisualStudioVersion = 15.0.28307.1062
MinimumVisualStudioVersion = 10.0.40219.1
Project("{FAE04EC0-301F-11D3-BF4B-00C04F79EFBC}") = "Algoritmu_Lab2", "Algoritmu_Lab2\Algoritmu_Lab2.csproj", "{A8E85F84-4D82-472B-A158-D8BE035F08E4}"
EndProject
Global
	GlobalSection(SolutionConfigurationPlatforms) = preSolution
		Debug|Any CPU = Debug|Any CPU
		Release|Any CPU = Release|Any CPU
	EndGlobalSection
	GlobalSection(ProjectConfigurationPlatforms) = postSolution
		{A8E85F84-4D82-472B-A158-D8BE035F08E4}.Debug|Any CPU.ActiveCfg = Debug|Any CPU
		{A8E85F84-4D82-472B-A158-D8BE035F08E4}.Debug|Any CPU.Build.0 = Debug|Any CPU
		{A8E85F84-4D82-472B-A158-D8BE035F08E4}.Release|Any CPU.ActiveCfg = Release|Any CPU
		{A8E85F84-4D82-472B-A158-D8BE035F08E4}.Release|Any CPU.Build.0 = Release|Any CPU
	EndGlobalSection
	GlobalSection(SolutionProperties) = preSolution
		HideSolutionNode = FALSE
	EndGlobalSection
	GlobalSection(ExtensibilityGlobals) = postSolution
		SolutionGuid = {E8B39066-2C72-46CD-A494-EF8C9417F5D0}
	EndGlobalSection
EndGlobal
