
Microsoft Visual Studio Solution File, Format Version 12.00
# Visual Studio 15
VisualStudioVersion = 15.0.28307.329
MinimumVisualStudioVersion = 10.0.40219.1
Project("{FAE04EC0-301F-11D3-BF4B-00C04F79EFBC}") = "PirmasLabaratorinis", "PirmasLabaratorinis\PirmasLabaratorinis.csproj", "{A3E5DAE9-6D10-4127-B527-3D22C92776DD}"
EndProject
Global
	GlobalSection(SolutionConfigurationPlatforms) = preSolution
		Debug|Any CPU = Debug|Any CPU
		Release|Any CPU = Release|Any CPU
	EndGlobalSection
	GlobalSection(ProjectConfigurationPlatforms) = postSolution
		{A3E5DAE9-6D10-4127-B527-3D22C92776DD}.Debug|Any CPU.ActiveCfg = Debug|Any CPU
		{A3E5DAE9-6D10-4127-B527-3D22C92776DD}.Debug|Any CPU.Build.0 = Debug|Any CPU
		{A3E5DAE9-6D10-4127-B527-3D22C92776DD}.Release|Any CPU.ActiveCfg = Release|Any CPU
		{A3E5DAE9-6D10-4127-B527-3D22C92776DD}.Release|Any CPU.Build.0 = Release|Any CPU
	EndGlobalSection
	GlobalSection(SolutionProperties) = preSolution
		HideSolutionNode = FALSE
	EndGlobalSection
	GlobalSection(ExtensibilityGlobals) = postSolution
		SolutionGuid = {8A7B1130-E4EE-4B63-9333-A9657C32E644}
	EndGlobalSection
EndGlobal
